
Microsoft Visual Studio Solution File, Format Version 12.00
# Visual Studio Version 17
VisualStudioVersion = 17.8.34525.116
MinimumVisualStudioVersion = 10.0.40219.1
Project("{FAE04EC0-301F-11D3-BF4B-00C04F79EFBC}") = "ConsoleUI", "ConsoleUI\ConsoleUI.csproj", "{98781EC7-5DFA-4DD6-B5C6-45443D3BC920}"
EndProject
Project("{FAE04EC0-301F-11D3-BF4B-00C04F79EFBC}") = "StandardLibrary", "StandardLibrary\StandardLibrary.csproj", "{5AEAC19B-4DF3-46B7-B3DF-16386E5D5F9A}"
EndProject
Global
	GlobalSection(SolutionConfigurationPlatforms) = preSolution
		Debug|Any CPU = Debug|Any CPU
		Release|Any CPU = Release|Any CPU
	EndGlobalSection
	GlobalSection(ProjectConfigurationPlatforms) = postSolution
		{98781EC7-5DFA-4DD6-B5C6-45443D3BC920}.Debug|Any CPU.ActiveCfg = Debug|Any CPU
		{98781EC7-5DFA-4DD6-B5C6-45443D3BC920}.Debug|Any CPU.Build.0 = Debug|Any CPU
		{98781EC7-5DFA-4DD6-B5C6-45443D3BC920}.Release|Any CPU.ActiveCfg = Release|Any CPU
		{98781EC7-5DFA-4DD6-B5C6-45443D3BC920}.Release|Any CPU.Build.0 = Release|Any CPU
		{5AEAC19B-4DF3-46B7-B3DF-16386E5D5F9A}.Debug|Any CPU.ActiveCfg = Debug|Any CPU
		{5AEAC19B-4DF3-46B7-B3DF-16386E5D5F9A}.Debug|Any CPU.Build.0 = Debug|Any CPU
		{5AEAC19B-4DF3-46B7-B3DF-16386E5D5F9A}.Release|Any CPU.ActiveCfg = Release|Any CPU
		{5AEAC19B-4DF3-46B7-B3DF-16386E5D5F9A}.Release|Any CPU.Build.0 = Release|Any CPU
	EndGlobalSection
	GlobalSection(SolutionProperties) = preSolution
		HideSolutionNode = FALSE
	EndGlobalSection
	GlobalSection(ExtensibilityGlobals) = postSolution
		SolutionGuid = {598A4386-E00D-4F1F-8BC1-0CA62C57DFBE}
	EndGlobalSection
EndGlobal
